
Microsoft Visual Studio Solution File, Format Version 12.00
# Visual Studio Version 17
VisualStudioVersion = 17.4.33205.214
MinimumVisualStudioVersion = 10.0.40219.1
Project("{FAE04EC0-301F-11D3-BF4B-00C04F79EFBC}") = "Hulštát the first gram", "Hulštát the first gram\Hulštát the first gram.csproj", "{228E6A66-BA42-4CE3-B0FC-D33C085AA1FE}"
EndProject
Global
	GlobalSection(SolutionConfigurationPlatforms) = preSolution
		Debug|Any CPU = Debug|Any CPU
		Release|Any CPU = Release|Any CPU
	EndGlobalSection
	GlobalSection(ProjectConfigurationPlatforms) = postSolution
		{228E6A66-BA42-4CE3-B0FC-D33C085AA1FE}.Debug|Any CPU.ActiveCfg = Debug|Any CPU
		{228E6A66-BA42-4CE3-B0FC-D33C085AA1FE}.Debug|Any CPU.Build.0 = Debug|Any CPU
		{228E6A66-BA42-4CE3-B0FC-D33C085AA1FE}.Release|Any CPU.ActiveCfg = Release|Any CPU
		{228E6A66-BA42-4CE3-B0FC-D33C085AA1FE}.Release|Any CPU.Build.0 = Release|Any CPU
	EndGlobalSection
	GlobalSection(SolutionProperties) = preSolution
		HideSolutionNode = FALSE
	EndGlobalSection
	GlobalSection(ExtensibilityGlobals) = postSolution
		SolutionGuid = {C0B8BBE5-454E-43E5-A104-DC8789FA69A0}
	EndGlobalSection
EndGlobal
